
Microsoft Visual Studio Solution File, Format Version 11.00
# Visual Studio 2010
Project("{8BC9CEB8-8B4A-11D0-8D11-00A0C91BC942}") = "LController", "LController\LController.vcxproj", "{FC979E32-8D31-427C-8D67-D8B09C6B40A5}"
EndProject
Global
	GlobalSection(SolutionConfigurationPlatforms) = preSolution
		Debug|Win32 = Debug|Win32
		Release|Win32 = Release|Win32
	EndGlobalSection
	GlobalSection(ProjectConfigurationPlatforms) = postSolution
		{FC979E32-8D31-427C-8D67-D8B09C6B40A5}.Debug|Win32.ActiveCfg = Debug|Win32
		{FC979E32-8D31-427C-8D67-D8B09C6B40A5}.Debug|Win32.Build.0 = Debug|Win32
		{FC979E32-8D31-427C-8D67-D8B09C6B40A5}.Release|Win32.ActiveCfg = Release|Win32
		{FC979E32-8D31-427C-8D67-D8B09C6B40A5}.Release|Win32.Build.0 = Release|Win32
	EndGlobalSection
	GlobalSection(SolutionProperties) = preSolution
		HideSolutionNode = FALSE
	EndGlobalSection
EndGlobal
